# THIS IS AN AUTOGENERATED FILE. DO NOT EDIT THIS FILE DIRECTLY.
# yarn lockfile v1


http-status@^1.4.2:
  version "1.4.2"
  resolved "https://registry.yarnpkg.com/http-status/-/http-status-1.4.2.tgz#75406e829dca9bfdf92972c579b47cd6a58ab6c8"
  integrity sha512-mBnIohUwRw9NyXMEMMv8/GANnzEYUj0Y8d3uL01zDWFkxUjYyZ6rgCaAI2zZ1Wb34Oqtbx/nFZolPRDc8Xlm5A==
